
Microsoft Visual Studio Solution File, Format Version 12.00
# Visual Studio Version 17
VisualStudioVersion = 17.9.34728.123
MinimumVisualStudioVersion = 10.0.40219.1
Project("{2150E333-8FDC-42A3-9474-1A3956D46DE8}") = "Service", "Service", "{183B928E-B41F-4062-82C7-A00BF73023C5}"
EndProject
Project("{2150E333-8FDC-42A3-9474-1A3956D46DE8}") = "Web", "Web", "{6F61775C-0F00-4CA0-81F2-B73820B14F5A}"
EndProject
Project("{9A19103F-16F7-4668-BE54-9A1E7A4F7556}") = "FormMaster.Builder", "FormMaster.Builder\FormMaster.Builder.csproj", "{C6475DD4-622A-44B6-8FDB-D626E41D024E}"
EndProject
Project("{9A19103F-16F7-4668-BE54-9A1E7A4F7556}") = "FormMaster.ToolKit", "FormMaster.ToolKit\FormMaster.ToolKit.csproj", "{9A9EB4E7-706E-43C5-885A-6DC3F374AD7D}"
EndProject
Project("{9A19103F-16F7-4668-BE54-9A1E7A4F7556}") = "smd", "designer\smd.csproj", "{D22A98AE-7932-4808-9A98-7DC0045C339C}"
EndProject
Global
	GlobalSection(SolutionConfigurationPlatforms) = preSolution
		Debug|Any CPU = Debug|Any CPU
		Release|Any CPU = Release|Any CPU
	EndGlobalSection
	GlobalSection(ProjectConfigurationPlatforms) = postSolution
		{C6475DD4-622A-44B6-8FDB-D626E41D024E}.Debug|Any CPU.ActiveCfg = Debug|Any CPU
		{C6475DD4-622A-44B6-8FDB-D626E41D024E}.Debug|Any CPU.Build.0 = Debug|Any CPU
		{C6475DD4-622A-44B6-8FDB-D626E41D024E}.Release|Any CPU.ActiveCfg = Release|Any CPU
		{C6475DD4-622A-44B6-8FDB-D626E41D024E}.Release|Any CPU.Build.0 = Release|Any CPU
		{9A9EB4E7-706E-43C5-885A-6DC3F374AD7D}.Debug|Any CPU.ActiveCfg = Debug|Any CPU
		{9A9EB4E7-706E-43C5-885A-6DC3F374AD7D}.Debug|Any CPU.Build.0 = Debug|Any CPU
		{9A9EB4E7-706E-43C5-885A-6DC3F374AD7D}.Release|Any CPU.ActiveCfg = Release|Any CPU
		{9A9EB4E7-706E-43C5-885A-6DC3F374AD7D}.Release|Any CPU.Build.0 = Release|Any CPU
		{D22A98AE-7932-4808-9A98-7DC0045C339C}.Debug|Any CPU.ActiveCfg = Debug|Any CPU
		{D22A98AE-7932-4808-9A98-7DC0045C339C}.Debug|Any CPU.Build.0 = Debug|Any CPU
		{D22A98AE-7932-4808-9A98-7DC0045C339C}.Release|Any CPU.ActiveCfg = Release|Any CPU
		{D22A98AE-7932-4808-9A98-7DC0045C339C}.Release|Any CPU.Build.0 = Release|Any CPU
	EndGlobalSection
	GlobalSection(SolutionProperties) = preSolution
		HideSolutionNode = FALSE
	EndGlobalSection
	GlobalSection(NestedProjects) = preSolution
		{C6475DD4-622A-44B6-8FDB-D626E41D024E} = {183B928E-B41F-4062-82C7-A00BF73023C5}
		{9A9EB4E7-706E-43C5-885A-6DC3F374AD7D} = {183B928E-B41F-4062-82C7-A00BF73023C5}
		{D22A98AE-7932-4808-9A98-7DC0045C339C} = {6F61775C-0F00-4CA0-81F2-B73820B14F5A}
	EndGlobalSection
	GlobalSection(ExtensibilityGlobals) = postSolution
		SolutionGuid = {1A08351A-DCE8-4867-8F29-498A26113537}
	EndGlobalSection
EndGlobal
