
Microsoft Visual Studio Solution File, Format Version 12.00
# Visual Studio 15
VisualStudioVersion = 15.0.26730.16
MinimumVisualStudioVersion = 10.0.40219.1
Project("{FAE04EC0-301F-11D3-BF4B-00C04F79EFBC}") = "SlickMaster.Builder", "SlickMaster.Builder\SlickMaster.Builder.csproj", "{20651E69-A5C8-411B-BC27-6FB49C122491}"
EndProject
Project("{2150E333-8FDC-42A3-9474-1A3956D46DE8}") = "Designer", "Designer", "{C1620DCF-C982-4469-A3DB-FD3A34837876}"
EndProject
Project("{2150E333-8FDC-42A3-9474-1A3956D46DE8}") = "Service", "Service", "{10C05D64-FB6E-40AA-BEA4-B82AD8CCD648}"
EndProject
Project("{FAE04EC0-301F-11D3-BF4B-00C04F79EFBC}") = "SlickMaster.Designer", "SlickMaster.Designer\SlickMaster.Designer.csproj", "{7E16B158-E285-4CFE-81DA-6D0D58B9E4C3}"
EndProject
Global
	GlobalSection(SolutionConfigurationPlatforms) = preSolution
		Debug|Any CPU = Debug|Any CPU
		Release|Any CPU = Release|Any CPU
	EndGlobalSection
	GlobalSection(ProjectConfigurationPlatforms) = postSolution
		{20651E69-A5C8-411B-BC27-6FB49C122491}.Debug|Any CPU.ActiveCfg = Debug|Any CPU
		{20651E69-A5C8-411B-BC27-6FB49C122491}.Debug|Any CPU.Build.0 = Debug|Any CPU
		{20651E69-A5C8-411B-BC27-6FB49C122491}.Release|Any CPU.ActiveCfg = Release|Any CPU
		{20651E69-A5C8-411B-BC27-6FB49C122491}.Release|Any CPU.Build.0 = Release|Any CPU
		{7E16B158-E285-4CFE-81DA-6D0D58B9E4C3}.Debug|Any CPU.ActiveCfg = Debug|Any CPU
		{7E16B158-E285-4CFE-81DA-6D0D58B9E4C3}.Debug|Any CPU.Build.0 = Debug|Any CPU
		{7E16B158-E285-4CFE-81DA-6D0D58B9E4C3}.Release|Any CPU.ActiveCfg = Release|Any CPU
		{7E16B158-E285-4CFE-81DA-6D0D58B9E4C3}.Release|Any CPU.Build.0 = Release|Any CPU
	EndGlobalSection
	GlobalSection(SolutionProperties) = preSolution
		HideSolutionNode = FALSE
	EndGlobalSection
	GlobalSection(NestedProjects) = preSolution
		{20651E69-A5C8-411B-BC27-6FB49C122491} = {10C05D64-FB6E-40AA-BEA4-B82AD8CCD648}
		{7E16B158-E285-4CFE-81DA-6D0D58B9E4C3} = {C1620DCF-C982-4469-A3DB-FD3A34837876}
	EndGlobalSection
	GlobalSection(ExtensibilityGlobals) = postSolution
		SolutionGuid = {26014667-1472-4F17-876B-DC6E181EBAC8}
	EndGlobalSection
EndGlobal
